{
  "name": "hbs-to-pdf",
  "version": "1.0.0",
  "lockfileVersion": 1,
  "requires": true,
  "dependencies": {
    "@types/node": {
      "version": "16.10.9",
      "resolved": "https://registry.npmjs.org/@types/node/-/node-16.10.9.tgz",
      "integrity": "sha512-H9ReOt+yqIJPCutkTYjFjlyK6WEMQYT9hLZMlWtOjFQY2ItppsWZ6RJf8Aw+jz5qTYceuHvFgPIaKOHtLAEWBw==",
      "dev": true
    },
    "fs": {
      "version": "0.0.1-security"
    },
    "typescript": {
      "version": "4.4.4"
    }
  }
}
